
Microsoft Visual Studio Solution File, Format Version 12.00
# Visual Studio Version 17
VisualStudioVersion = 17.11.35312.102
MinimumVisualStudioVersion = 10.0.40219.1
Project("{FAE04EC0-301F-11D3-BF4B-00C04F79EFBC}") = "ApexCare", "ApexCare\ApexCare.csproj", "{DE4F7686-61EE-4EAE-ABED-5BE9D3DC1703}"
EndProject
Global
	GlobalSection(SolutionConfigurationPlatforms) = preSolution
		Debug|Any CPU = Debug|Any CPU
		Release|Any CPU = Release|Any CPU
	EndGlobalSection
	GlobalSection(ProjectConfigurationPlatforms) = postSolution
		{DE4F7686-61EE-4EAE-ABED-5BE9D3DC1703}.Debug|Any CPU.ActiveCfg = Debug|Any CPU
		{DE4F7686-61EE-4EAE-ABED-5BE9D3DC1703}.Debug|Any CPU.Build.0 = Debug|Any CPU
		{DE4F7686-61EE-4EAE-ABED-5BE9D3DC1703}.Release|Any CPU.ActiveCfg = Release|Any CPU
		{DE4F7686-61EE-4EAE-ABED-5BE9D3DC1703}.Release|Any CPU.Build.0 = Release|Any CPU
	EndGlobalSection
	GlobalSection(SolutionProperties) = preSolution
		HideSolutionNode = FALSE
	EndGlobalSection
	GlobalSection(ExtensibilityGlobals) = postSolution
		SolutionGuid = {22272FA1-6DE0-4F2C-9060-FBD1015ED9B8}
	EndGlobalSection
EndGlobal
